
Microsoft Visual Studio Solution File, Format Version 12.00
# Visual Studio Version 17
VisualStudioVersion = 17.7.34031.279
MinimumVisualStudioVersion = 10.0.40219.1
Project("{2150E333-8FDC-42A3-9474-1A3956D46DE8}") = "01", "01", "{22F513A1-8EB1-476E-8479-C6ED1AE00CEE}"
EndProject
Project("{2150E333-8FDC-42A3-9474-1A3956D46DE8}") = "02", "02", "{0A3BD550-24F7-43F1-8952-DBBA228312BF}"
EndProject
Project("{2150E333-8FDC-42A3-9474-1A3956D46DE8}") = "03", "03", "{4EE23054-A8C0-4D52-B0AF-5448F600D436}"
EndProject
Project("{2150E333-8FDC-42A3-9474-1A3956D46DE8}") = "04", "04", "{C5AF6358-AE64-45C2-8528-809443108F3B}"
EndProject
Project("{9A19103F-16F7-4668-BE54-9A1E7A4F7556}") = "MessagePassing", "MessagePassing\MessagePassing.csproj", "{6B201EF4-EB0D-4AEA-A31A-5F880CF497B1}"
EndProject
Project("{9A19103F-16F7-4668-BE54-9A1E7A4F7556}") = "AsyncAwait", "AsyncAwait\AsyncAwait.csproj", "{EC8B75D0-FA61-46E8-95A8-FBF8EAD690EF}"
EndProject
Project("{9A19103F-16F7-4668-BE54-9A1E7A4F7556}") = "MicroserviceA", "MicroserviceA\MicroserviceA.csproj", "{3C34AD7C-E703-4C28-A1DD-E53322595BEB}"
EndProject
Project("{9A19103F-16F7-4668-BE54-9A1E7A4F7556}") = "MicroserviceB", "MicroserviceB\MicroserviceB.csproj", "{C5D1593B-60ED-4704-A205-C3465FB62835}"
EndProject
Project("{FAE04EC0-301F-11D3-BF4B-00C04F79EFBC}") = "Events", "Events\Events.csproj", "{2493FA5A-50B7-4051-9250-9EFC101B2893}"
EndProject
Global
	GlobalSection(SolutionConfigurationPlatforms) = preSolution
		Debug|Any CPU = Debug|Any CPU
		Release|Any CPU = Release|Any CPU
	EndGlobalSection
	GlobalSection(ProjectConfigurationPlatforms) = postSolution
		{6B201EF4-EB0D-4AEA-A31A-5F880CF497B1}.Debug|Any CPU.ActiveCfg = Debug|Any CPU
		{6B201EF4-EB0D-4AEA-A31A-5F880CF497B1}.Debug|Any CPU.Build.0 = Debug|Any CPU
		{6B201EF4-EB0D-4AEA-A31A-5F880CF497B1}.Release|Any CPU.ActiveCfg = Release|Any CPU
		{6B201EF4-EB0D-4AEA-A31A-5F880CF497B1}.Release|Any CPU.Build.0 = Release|Any CPU
		{EC8B75D0-FA61-46E8-95A8-FBF8EAD690EF}.Debug|Any CPU.ActiveCfg = Debug|Any CPU
		{EC8B75D0-FA61-46E8-95A8-FBF8EAD690EF}.Debug|Any CPU.Build.0 = Debug|Any CPU
		{EC8B75D0-FA61-46E8-95A8-FBF8EAD690EF}.Release|Any CPU.ActiveCfg = Release|Any CPU
		{EC8B75D0-FA61-46E8-95A8-FBF8EAD690EF}.Release|Any CPU.Build.0 = Release|Any CPU
		{3C34AD7C-E703-4C28-A1DD-E53322595BEB}.Debug|Any CPU.ActiveCfg = Debug|Any CPU
		{3C34AD7C-E703-4C28-A1DD-E53322595BEB}.Debug|Any CPU.Build.0 = Debug|Any CPU
		{3C34AD7C-E703-4C28-A1DD-E53322595BEB}.Release|Any CPU.ActiveCfg = Release|Any CPU
		{3C34AD7C-E703-4C28-A1DD-E53322595BEB}.Release|Any CPU.Build.0 = Release|Any CPU
		{C5D1593B-60ED-4704-A205-C3465FB62835}.Debug|Any CPU.ActiveCfg = Debug|Any CPU
		{C5D1593B-60ED-4704-A205-C3465FB62835}.Debug|Any CPU.Build.0 = Debug|Any CPU
		{C5D1593B-60ED-4704-A205-C3465FB62835}.Release|Any CPU.ActiveCfg = Release|Any CPU
		{C5D1593B-60ED-4704-A205-C3465FB62835}.Release|Any CPU.Build.0 = Release|Any CPU
		{2493FA5A-50B7-4051-9250-9EFC101B2893}.Debug|Any CPU.ActiveCfg = Debug|Any CPU
		{2493FA5A-50B7-4051-9250-9EFC101B2893}.Debug|Any CPU.Build.0 = Debug|Any CPU
		{2493FA5A-50B7-4051-9250-9EFC101B2893}.Release|Any CPU.ActiveCfg = Release|Any CPU
		{2493FA5A-50B7-4051-9250-9EFC101B2893}.Release|Any CPU.Build.0 = Release|Any CPU
	EndGlobalSection
	GlobalSection(SolutionProperties) = preSolution
		HideSolutionNode = FALSE
	EndGlobalSection
	GlobalSection(NestedProjects) = preSolution
		{6B201EF4-EB0D-4AEA-A31A-5F880CF497B1} = {22F513A1-8EB1-476E-8479-C6ED1AE00CEE}
		{EC8B75D0-FA61-46E8-95A8-FBF8EAD690EF} = {0A3BD550-24F7-43F1-8952-DBBA228312BF}
		{3C34AD7C-E703-4C28-A1DD-E53322595BEB} = {C5AF6358-AE64-45C2-8528-809443108F3B}
		{C5D1593B-60ED-4704-A205-C3465FB62835} = {C5AF6358-AE64-45C2-8528-809443108F3B}
		{2493FA5A-50B7-4051-9250-9EFC101B2893} = {4EE23054-A8C0-4D52-B0AF-5448F600D436}
	EndGlobalSection
	GlobalSection(ExtensibilityGlobals) = postSolution
		SolutionGuid = {4DC0BE93-F844-4FD4-AC26-C56EF6D9EC4F}
	EndGlobalSection
EndGlobal
