
Microsoft Visual Studio Solution File, Format Version 12.00
# Visual Studio Version 17
VisualStudioVersion = 17.7.34031.279
MinimumVisualStudioVersion = 10.0.40219.1
Project("{2150E333-8FDC-42A3-9474-1A3956D46DE8}") = "01", "01", "{22F513A1-8EB1-476E-8479-C6ED1AE00CEE}"
EndProject
Project("{2150E333-8FDC-42A3-9474-1A3956D46DE8}") = "02", "02", "{0A3BD550-24F7-43F1-8952-DBBA228312BF}"
EndProject
Project("{2150E333-8FDC-42A3-9474-1A3956D46DE8}") = "03", "03", "{4EE23054-A8C0-4D52-B0AF-5448F600D436}"
EndProject
Project("{2150E333-8FDC-42A3-9474-1A3956D46DE8}") = "05", "05", "{C5AF6358-AE64-45C2-8528-809443108F3B}"
EndProject
Project("{9A19103F-16F7-4668-BE54-9A1E7A4F7556}") = "MessagePassing", "MessagePassing\MessagePassing.csproj", "{6B201EF4-EB0D-4AEA-A31A-5F880CF497B1}"
EndProject
Project("{9A19103F-16F7-4668-BE54-9A1E7A4F7556}") = "AsyncAwait", "AsyncAwait\AsyncAwait.csproj", "{EC8B75D0-FA61-46E8-95A8-FBF8EAD690EF}"
EndProject
Project("{9A19103F-16F7-4668-BE54-9A1E7A4F7556}") = "MicroserviceA", "MicroserviceA\MicroserviceA.csproj", "{3C34AD7C-E703-4C28-A1DD-E53322595BEB}"
EndProject
Project("{9A19103F-16F7-4668-BE54-9A1E7A4F7556}") = "MicroserviceB", "MicroserviceB\MicroserviceB.csproj", "{C5D1593B-60ED-4704-A205-C3465FB62835}"
EndProject
Project("{2150E333-8FDC-42A3-9474-1A3956D46DE8}") = "04", "04", "{828F4C7E-0F46-4D5D-8BD4-46B7FED93E6A}"
EndProject
Project("{9A19103F-16F7-4668-BE54-9A1E7A4F7556}") = "EventsInProcessByMediator", "EventsInProcessByMediator\EventsInProcessByMediator.csproj", "{E4469A67-F626-4DD0-8E7F-8679361EBE8F}"
EndProject
Project("{9A19103F-16F7-4668-BE54-9A1E7A4F7556}") = "EventsOutOfProcessByChannel", "EventsOutOfProcessByChannel\EventsOutOfProcessByChannel.csproj", "{D3F5F4C2-03F0-4553-AC44-BAE0C6E16C3B}"
EndProject
Project("{2150E333-8FDC-42A3-9474-1A3956D46DE8}") = "06", "06", "{2CC769E7-9A23-49DF-94D0-29E7634135F3}"
EndProject
Project("{9A19103F-16F7-4668-BE54-9A1E7A4F7556}") = "EventsOutOfProcessByDatabaseShared", "EventsOutOfProcessByDatabaseShared\EventsOutOfProcessByDatabaseShared.csproj", "{0CFD611C-7DEE-459C-A148-80F583167D80}"
EndProject
Project("{9A19103F-16F7-4668-BE54-9A1E7A4F7556}") = "EventsOutOfProcessByDatabaseConsumer", "EventsOutOfProcessByDatabaseConsumer\EventsOutOfProcessByDatabaseConsumer.csproj", "{2A50042B-5C50-46C6-976D-F4871A4ED0B6}"
EndProject
Project("{9A19103F-16F7-4668-BE54-9A1E7A4F7556}") = "EventsOutOfProcessByDatabaseProducer", "EventsOutOfProcessByDatabaseProducer\EventsOutOfProcessByDatabaseProducer.csproj", "{929B8C7A-FAC7-4CE7-BC9D-E2AC86101994}"
EndProject
Project("{2150E333-8FDC-42A3-9474-1A3956D46DE8}") = "07", "07", "{10A81E8C-62F3-418B-8BFB-FF03B01442FE}"
EndProject
Project("{9A19103F-16F7-4668-BE54-9A1E7A4F7556}") = "EventsOutOfProcessByMessageBrokerProducer", "EventsOutOfProcessByMessageBrokerProducer\EventsOutOfProcessByMessageBrokerProducer.csproj", "{7E95A8FF-836A-48BA-B7C0-9E166102F8A9}"
EndProject
Project("{9A19103F-16F7-4668-BE54-9A1E7A4F7556}") = "EventsOutOfProcessByMessageBrokerShared", "EventsOutOfProcessByMessageBrokerShared\EventsOutOfProcessByMessageBrokerShared.csproj", "{58D0499D-0AF6-49EE-8307-8DD4B801707F}"
EndProject
Project("{9A19103F-16F7-4668-BE54-9A1E7A4F7556}") = "EventsOutOfProcessByMessageBrokerConsumer", "EventsOutOfProcessByMessageBrokerConsumer\EventsOutOfProcessByMessageBrokerConsumer.csproj", "{27A85BAA-C0BE-4AD6-A184-A8143416B050}"
EndProject
Project("{2150E333-8FDC-42A3-9474-1A3956D46DE8}") = "08", "08", "{B1DF5F7C-C5A5-43F2-A5EC-769F161D2C8C}"
EndProject
Project("{9A19103F-16F7-4668-BE54-9A1E7A4F7556}") = "MicroserviceAgRPC", "MicroserviceAgRPC\MicroserviceAgRPC.csproj", "{9D6E0017-7DF4-4A24-AEF2-DCE19456F9B1}"
EndProject
Project("{2150E333-8FDC-42A3-9474-1A3956D46DE8}") = "09", "09", "{79133F90-413B-489E-A965-83F13A7944A3}"
EndProject
Project("{9A19103F-16F7-4668-BE54-9A1E7A4F7556}") = "DistributedAppWithMassTransitProducer", "DistributedAppWithMassTransitProducer\DistributedAppWithMassTransitProducer.csproj", "{7BF56FFB-ED00-42CE-9118-EB366D6A51A6}"
EndProject
Project("{9A19103F-16F7-4668-BE54-9A1E7A4F7556}") = "DistributedAppWithMassTransitShared", "DistributedAppWithMassTransitShared\DistributedAppWithMassTransitShared.csproj", "{96DCDBD6-C8DA-4A9C-9177-E6E78D8B8A83}"
EndProject
Project("{9A19103F-16F7-4668-BE54-9A1E7A4F7556}") = "DistributedAppWithMassTransitConsumer", "DistributedAppWithMassTransitConsumer\DistributedAppWithMassTransitConsumer.csproj", "{51E970B1-2E25-480C-ADA0-B715436E93DD}"
EndProject
Project("{2150E333-8FDC-42A3-9474-1A3956D46DE8}") = "10", "10", "{5F1A5DE0-F014-429F-A370-AF643D7BF600}"
EndProject
Project("{FAE04EC0-301F-11D3-BF4B-00C04F79EFBC}") = "DistributedLockWithRedisA", "DistributedLockWithRedisA\DistributedLockWithRedisA.csproj", "{5675FFDD-A477-4695-A2DA-CE2D2EC2A810}"
EndProject
Project("{FAE04EC0-301F-11D3-BF4B-00C04F79EFBC}") = "DistributedLockWithRedisB", "DistributedLockWithRedisB\DistributedLockWithRedisB.csproj", "{118516CE-3631-4553-BC12-656F35CE97CA}"
EndProject
Global
	GlobalSection(SolutionConfigurationPlatforms) = preSolution
		Debug|Any CPU = Debug|Any CPU
		Release|Any CPU = Release|Any CPU
	EndGlobalSection
	GlobalSection(ProjectConfigurationPlatforms) = postSolution
		{6B201EF4-EB0D-4AEA-A31A-5F880CF497B1}.Debug|Any CPU.ActiveCfg = Debug|Any CPU
		{6B201EF4-EB0D-4AEA-A31A-5F880CF497B1}.Debug|Any CPU.Build.0 = Debug|Any CPU
		{6B201EF4-EB0D-4AEA-A31A-5F880CF497B1}.Release|Any CPU.ActiveCfg = Release|Any CPU
		{6B201EF4-EB0D-4AEA-A31A-5F880CF497B1}.Release|Any CPU.Build.0 = Release|Any CPU
		{EC8B75D0-FA61-46E8-95A8-FBF8EAD690EF}.Debug|Any CPU.ActiveCfg = Debug|Any CPU
		{EC8B75D0-FA61-46E8-95A8-FBF8EAD690EF}.Debug|Any CPU.Build.0 = Debug|Any CPU
		{EC8B75D0-FA61-46E8-95A8-FBF8EAD690EF}.Release|Any CPU.ActiveCfg = Release|Any CPU
		{EC8B75D0-FA61-46E8-95A8-FBF8EAD690EF}.Release|Any CPU.Build.0 = Release|Any CPU
		{3C34AD7C-E703-4C28-A1DD-E53322595BEB}.Debug|Any CPU.ActiveCfg = Debug|Any CPU
		{3C34AD7C-E703-4C28-A1DD-E53322595BEB}.Debug|Any CPU.Build.0 = Debug|Any CPU
		{3C34AD7C-E703-4C28-A1DD-E53322595BEB}.Release|Any CPU.ActiveCfg = Release|Any CPU
		{3C34AD7C-E703-4C28-A1DD-E53322595BEB}.Release|Any CPU.Build.0 = Release|Any CPU
		{C5D1593B-60ED-4704-A205-C3465FB62835}.Debug|Any CPU.ActiveCfg = Debug|Any CPU
		{C5D1593B-60ED-4704-A205-C3465FB62835}.Debug|Any CPU.Build.0 = Debug|Any CPU
		{C5D1593B-60ED-4704-A205-C3465FB62835}.Release|Any CPU.ActiveCfg = Release|Any CPU
		{C5D1593B-60ED-4704-A205-C3465FB62835}.Release|Any CPU.Build.0 = Release|Any CPU
		{E4469A67-F626-4DD0-8E7F-8679361EBE8F}.Debug|Any CPU.ActiveCfg = Debug|Any CPU
		{E4469A67-F626-4DD0-8E7F-8679361EBE8F}.Debug|Any CPU.Build.0 = Debug|Any CPU
		{E4469A67-F626-4DD0-8E7F-8679361EBE8F}.Release|Any CPU.ActiveCfg = Release|Any CPU
		{E4469A67-F626-4DD0-8E7F-8679361EBE8F}.Release|Any CPU.Build.0 = Release|Any CPU
		{D3F5F4C2-03F0-4553-AC44-BAE0C6E16C3B}.Debug|Any CPU.ActiveCfg = Debug|Any CPU
		{D3F5F4C2-03F0-4553-AC44-BAE0C6E16C3B}.Debug|Any CPU.Build.0 = Debug|Any CPU
		{D3F5F4C2-03F0-4553-AC44-BAE0C6E16C3B}.Release|Any CPU.ActiveCfg = Release|Any CPU
		{D3F5F4C2-03F0-4553-AC44-BAE0C6E16C3B}.Release|Any CPU.Build.0 = Release|Any CPU
		{0CFD611C-7DEE-459C-A148-80F583167D80}.Debug|Any CPU.ActiveCfg = Debug|Any CPU
		{0CFD611C-7DEE-459C-A148-80F583167D80}.Debug|Any CPU.Build.0 = Debug|Any CPU
		{0CFD611C-7DEE-459C-A148-80F583167D80}.Release|Any CPU.ActiveCfg = Release|Any CPU
		{0CFD611C-7DEE-459C-A148-80F583167D80}.Release|Any CPU.Build.0 = Release|Any CPU
		{2A50042B-5C50-46C6-976D-F4871A4ED0B6}.Debug|Any CPU.ActiveCfg = Debug|Any CPU
		{2A50042B-5C50-46C6-976D-F4871A4ED0B6}.Debug|Any CPU.Build.0 = Debug|Any CPU
		{2A50042B-5C50-46C6-976D-F4871A4ED0B6}.Release|Any CPU.ActiveCfg = Release|Any CPU
		{2A50042B-5C50-46C6-976D-F4871A4ED0B6}.Release|Any CPU.Build.0 = Release|Any CPU
		{929B8C7A-FAC7-4CE7-BC9D-E2AC86101994}.Debug|Any CPU.ActiveCfg = Debug|Any CPU
		{929B8C7A-FAC7-4CE7-BC9D-E2AC86101994}.Debug|Any CPU.Build.0 = Debug|Any CPU
		{929B8C7A-FAC7-4CE7-BC9D-E2AC86101994}.Release|Any CPU.ActiveCfg = Release|Any CPU
		{929B8C7A-FAC7-4CE7-BC9D-E2AC86101994}.Release|Any CPU.Build.0 = Release|Any CPU
		{7E95A8FF-836A-48BA-B7C0-9E166102F8A9}.Debug|Any CPU.ActiveCfg = Debug|Any CPU
		{7E95A8FF-836A-48BA-B7C0-9E166102F8A9}.Debug|Any CPU.Build.0 = Debug|Any CPU
		{7E95A8FF-836A-48BA-B7C0-9E166102F8A9}.Release|Any CPU.ActiveCfg = Release|Any CPU
		{7E95A8FF-836A-48BA-B7C0-9E166102F8A9}.Release|Any CPU.Build.0 = Release|Any CPU
		{58D0499D-0AF6-49EE-8307-8DD4B801707F}.Debug|Any CPU.ActiveCfg = Debug|Any CPU
		{58D0499D-0AF6-49EE-8307-8DD4B801707F}.Debug|Any CPU.Build.0 = Debug|Any CPU
		{58D0499D-0AF6-49EE-8307-8DD4B801707F}.Release|Any CPU.ActiveCfg = Release|Any CPU
		{58D0499D-0AF6-49EE-8307-8DD4B801707F}.Release|Any CPU.Build.0 = Release|Any CPU
		{27A85BAA-C0BE-4AD6-A184-A8143416B050}.Debug|Any CPU.ActiveCfg = Debug|Any CPU
		{27A85BAA-C0BE-4AD6-A184-A8143416B050}.Debug|Any CPU.Build.0 = Debug|Any CPU
		{27A85BAA-C0BE-4AD6-A184-A8143416B050}.Release|Any CPU.ActiveCfg = Release|Any CPU
		{27A85BAA-C0BE-4AD6-A184-A8143416B050}.Release|Any CPU.Build.0 = Release|Any CPU
		{9D6E0017-7DF4-4A24-AEF2-DCE19456F9B1}.Debug|Any CPU.ActiveCfg = Debug|Any CPU
		{9D6E0017-7DF4-4A24-AEF2-DCE19456F9B1}.Debug|Any CPU.Build.0 = Debug|Any CPU
		{9D6E0017-7DF4-4A24-AEF2-DCE19456F9B1}.Release|Any CPU.ActiveCfg = Release|Any CPU
		{9D6E0017-7DF4-4A24-AEF2-DCE19456F9B1}.Release|Any CPU.Build.0 = Release|Any CPU
		{7BF56FFB-ED00-42CE-9118-EB366D6A51A6}.Debug|Any CPU.ActiveCfg = Debug|Any CPU
		{7BF56FFB-ED00-42CE-9118-EB366D6A51A6}.Debug|Any CPU.Build.0 = Debug|Any CPU
		{7BF56FFB-ED00-42CE-9118-EB366D6A51A6}.Release|Any CPU.ActiveCfg = Release|Any CPU
		{7BF56FFB-ED00-42CE-9118-EB366D6A51A6}.Release|Any CPU.Build.0 = Release|Any CPU
		{96DCDBD6-C8DA-4A9C-9177-E6E78D8B8A83}.Debug|Any CPU.ActiveCfg = Debug|Any CPU
		{96DCDBD6-C8DA-4A9C-9177-E6E78D8B8A83}.Debug|Any CPU.Build.0 = Debug|Any CPU
		{96DCDBD6-C8DA-4A9C-9177-E6E78D8B8A83}.Release|Any CPU.ActiveCfg = Release|Any CPU
		{96DCDBD6-C8DA-4A9C-9177-E6E78D8B8A83}.Release|Any CPU.Build.0 = Release|Any CPU
		{51E970B1-2E25-480C-ADA0-B715436E93DD}.Debug|Any CPU.ActiveCfg = Debug|Any CPU
		{51E970B1-2E25-480C-ADA0-B715436E93DD}.Debug|Any CPU.Build.0 = Debug|Any CPU
		{51E970B1-2E25-480C-ADA0-B715436E93DD}.Release|Any CPU.ActiveCfg = Release|Any CPU
		{51E970B1-2E25-480C-ADA0-B715436E93DD}.Release|Any CPU.Build.0 = Release|Any CPU
		{5675FFDD-A477-4695-A2DA-CE2D2EC2A810}.Debug|Any CPU.ActiveCfg = Debug|Any CPU
		{5675FFDD-A477-4695-A2DA-CE2D2EC2A810}.Debug|Any CPU.Build.0 = Debug|Any CPU
		{5675FFDD-A477-4695-A2DA-CE2D2EC2A810}.Release|Any CPU.ActiveCfg = Release|Any CPU
		{5675FFDD-A477-4695-A2DA-CE2D2EC2A810}.Release|Any CPU.Build.0 = Release|Any CPU
		{118516CE-3631-4553-BC12-656F35CE97CA}.Debug|Any CPU.ActiveCfg = Debug|Any CPU
		{118516CE-3631-4553-BC12-656F35CE97CA}.Debug|Any CPU.Build.0 = Debug|Any CPU
		{118516CE-3631-4553-BC12-656F35CE97CA}.Release|Any CPU.ActiveCfg = Release|Any CPU
		{118516CE-3631-4553-BC12-656F35CE97CA}.Release|Any CPU.Build.0 = Release|Any CPU
	EndGlobalSection
	GlobalSection(SolutionProperties) = preSolution
		HideSolutionNode = FALSE
	EndGlobalSection
	GlobalSection(NestedProjects) = preSolution
		{6B201EF4-EB0D-4AEA-A31A-5F880CF497B1} = {22F513A1-8EB1-476E-8479-C6ED1AE00CEE}
		{EC8B75D0-FA61-46E8-95A8-FBF8EAD690EF} = {0A3BD550-24F7-43F1-8952-DBBA228312BF}
		{3C34AD7C-E703-4C28-A1DD-E53322595BEB} = {C5AF6358-AE64-45C2-8528-809443108F3B}
		{C5D1593B-60ED-4704-A205-C3465FB62835} = {C5AF6358-AE64-45C2-8528-809443108F3B}
		{E4469A67-F626-4DD0-8E7F-8679361EBE8F} = {4EE23054-A8C0-4D52-B0AF-5448F600D436}
		{D3F5F4C2-03F0-4553-AC44-BAE0C6E16C3B} = {828F4C7E-0F46-4D5D-8BD4-46B7FED93E6A}
		{0CFD611C-7DEE-459C-A148-80F583167D80} = {2CC769E7-9A23-49DF-94D0-29E7634135F3}
		{2A50042B-5C50-46C6-976D-F4871A4ED0B6} = {2CC769E7-9A23-49DF-94D0-29E7634135F3}
		{929B8C7A-FAC7-4CE7-BC9D-E2AC86101994} = {2CC769E7-9A23-49DF-94D0-29E7634135F3}
		{7E95A8FF-836A-48BA-B7C0-9E166102F8A9} = {10A81E8C-62F3-418B-8BFB-FF03B01442FE}
		{58D0499D-0AF6-49EE-8307-8DD4B801707F} = {10A81E8C-62F3-418B-8BFB-FF03B01442FE}
		{27A85BAA-C0BE-4AD6-A184-A8143416B050} = {10A81E8C-62F3-418B-8BFB-FF03B01442FE}
		{9D6E0017-7DF4-4A24-AEF2-DCE19456F9B1} = {B1DF5F7C-C5A5-43F2-A5EC-769F161D2C8C}
		{7BF56FFB-ED00-42CE-9118-EB366D6A51A6} = {79133F90-413B-489E-A965-83F13A7944A3}
		{96DCDBD6-C8DA-4A9C-9177-E6E78D8B8A83} = {79133F90-413B-489E-A965-83F13A7944A3}
		{51E970B1-2E25-480C-ADA0-B715436E93DD} = {79133F90-413B-489E-A965-83F13A7944A3}
		{5675FFDD-A477-4695-A2DA-CE2D2EC2A810} = {5F1A5DE0-F014-429F-A370-AF643D7BF600}
		{118516CE-3631-4553-BC12-656F35CE97CA} = {5F1A5DE0-F014-429F-A370-AF643D7BF600}
	EndGlobalSection
	GlobalSection(ExtensibilityGlobals) = postSolution
		SolutionGuid = {4DC0BE93-F844-4FD4-AC26-C56EF6D9EC4F}
	EndGlobalSection
EndGlobal
